
Microsoft Visual Studio Solution File, Format Version 12.00
# Visual Studio Version 17
VisualStudioVersion = 17.10.34928.147
MinimumVisualStudioVersion = 10.0.40219.1
Project("{FAE04EC0-301F-11D3-BF4B-00C04F79EFBC}") = "MagickaForge", "MagickaForge\MagickaForge.csproj", "{0DE0316F-A7B3-4C26-8B48-73DCC767C92A}"
EndProject
Global
	GlobalSection(SolutionConfigurationPlatforms) = preSolution
		Debug|Any CPU = Debug|Any CPU
		Release|Any CPU = Release|Any CPU
	EndGlobalSection
	GlobalSection(ProjectConfigurationPlatforms) = postSolution
		{0DE0316F-A7B3-4C26-8B48-73DCC767C92A}.Debug|Any CPU.ActiveCfg = Debug|Any CPU
		{0DE0316F-A7B3-4C26-8B48-73DCC767C92A}.Debug|Any CPU.Build.0 = Debug|Any CPU
		{0DE0316F-A7B3-4C26-8B48-73DCC767C92A}.Release|Any CPU.ActiveCfg = Release|Any CPU
		{0DE0316F-A7B3-4C26-8B48-73DCC767C92A}.Release|Any CPU.Build.0 = Release|Any CPU
	EndGlobalSection
	GlobalSection(SolutionProperties) = preSolution
		HideSolutionNode = FALSE
	EndGlobalSection
	GlobalSection(ExtensibilityGlobals) = postSolution
		SolutionGuid = {387D6447-593F-4B44-80BC-C2760316E7AE}
	EndGlobalSection
EndGlobal
